// !$*UTF8*$!
{
	archiveVersion = 1;
	classes = {
	};
	objectVersion = 56;
	objects = {

/* Begin PBXBuildFile section */
		1A0000010000000000000001 /* VibrantFrogApp.swift in Sources */ = {isa = PBXBuildFile; fileRef = 1A0000020000000000000001 /* VibrantFrogApp.swift */; };
		1A0000010000000000000002 /* ContentView.swift in Sources */ = {isa = PBXBuildFile; fileRef = 1A0000020000000000000002 /* ContentView.swift */; };
		1A0000010000000000000003 /* Assets.xcassets in Resources */ = {isa = PBXBuildFile; fileRef = 1A0000020000000000000003 /* Assets.xcassets */; };
		1A0000010000000000000004 /* PhotoLibraryService.swift in Sources */ = {isa = PBXBuildFile; fileRef = 1A0000020000000000000004 /* PhotoLibraryService.swift */; };
		1A0000010000000000000005 /* LLMService.swift in Sources */ = {isa = PBXBuildFile; fileRef = 1A0000020000000000000005 /* LLMService.swift */; };
		1A0000010000000000000006 /* PhotoSearchView.swift in Sources */ = {isa = PBXBuildFile; fileRef = 1A0000020000000000000006 /* PhotoSearchView.swift */; };
		1A0000010000000000000007 /* PhotoGridView.swift in Sources */ = {isa = PBXBuildFile; fileRef = 1A0000020000000000000007 /* PhotoGridView.swift */; };
		1A0000010000000000000008 /* SettingsView.swift in Sources */ = {isa = PBXBuildFile; fileRef = 1A0000020000000000000008 /* SettingsView.swift */; };
		1A0000010000000000000009 /* IndexingView.swift in Sources */ = {isa = PBXBuildFile; fileRef = 1A0000020000000000000009 /* IndexingView.swift */; };
		1A0000010000000000000010 /* Photo.swift in Sources */ = {isa = PBXBuildFile; fileRef = 1A0000020000000000000010 /* Photo.swift */; };
		1A0000010000000000000011 /* EmbeddingStore.swift in Sources */ = {isa = PBXBuildFile; fileRef = 1A0000020000000000000011 /* EmbeddingStore.swift */; };
		1A0000010000000000000012 /* llama.xcframework in Frameworks */ = {isa = PBXBuildFile; fileRef = 1A0000020000000000000012 /* llama.xcframework */; };
		1A0000010000000000000013 /* llama.xcframework in Embed Frameworks */ = {isa = PBXBuildFile; fileRef = 1A0000020000000000000012 /* llama.xcframework */; settings = {ATTRIBUTES = (CodeSignOnCopy, RemoveHeadersOnCopy, ); }; };
		1A0000010000000000000016 /* LibLlama.swift in Sources */ = {isa = PBXBuildFile; fileRef = 1A0000020000000000000016 /* LibLlama.swift */; };
		1A0000010000000000000017 /* MCPClient.swift in Sources */ = {isa = PBXBuildFile; fileRef = 1A0000020000000000000017 /* MCPClient.swift */; };
		1A0000010000000000000018 /* MCPTestView.swift in Sources */ = {isa = PBXBuildFile; fileRef = 1A0000020000000000000018 /* MCPTestView.swift */; };
		1A0000010000000000000019 /* MCPClientHTTP.swift in Sources */ = {isa = PBXBuildFile; fileRef = 1A0000020000000000000019 /* MCPClientHTTP.swift */; };
		719464D12ED69BDD00F260DE /* ChatView.swift in Sources */ = {isa = PBXBuildFile; fileRef = 719464D02ED69BDD00F260DE /* ChatView.swift */; };
		719464D32ED79D0300F260DE /* AIChatView.swift in Sources */ = {isa = PBXBuildFile; fileRef = 719464D22ED79D0300F260DE /* AIChatView.swift */; };
		719464DB2ED7A11C00F260DE /* OllamaService.swift in Sources */ = {isa = PBXBuildFile; fileRef = 719464DA2ED7A11C00F260DE /* OllamaService.swift */; };
		719464DC2ED7A11C00F260DE /* MCPServerRegistry.swift in Sources */ = {isa = PBXBuildFile; fileRef = 719464D92ED7A11C00F260DE /* MCPServerRegistry.swift */; };
		719464E22ED92E0400F260DE /* Conversation.swift in Sources */ = {isa = PBXBuildFile; fileRef = 719464E12ED92E0400F260DE /* Conversation.swift */; };
		719464E62ED9395100F260DE /* ConversationHistoryView.swift in Sources */ = {isa = PBXBuildFile; fileRef = 719464E52ED9395100F260DE /* ConversationHistoryView.swift */; };
		719464EA2ED9396A00F260DE /* MCPManagementView.swift in Sources */ = {isa = PBXBuildFile; fileRef = 719464E92ED9396A00F260DE /* MCPManagementView.swift */; };
		719464EB2ED9396A00F260DE /* DynamicToolFormView.swift in Sources */ = {isa = PBXBuildFile; fileRef = 719464E82ED9396A00F260DE /* DynamicToolFormView.swift */; };
		719464EC2ED9396A00F260DE /* DirectToolCallView.swift in Sources */ = {isa = PBXBuildFile; fileRef = 719464E72ED9396A00F260DE /* DirectToolCallView.swift */; };
		719464EE2ED9398600F260DE /* ConversationStore.swift in Sources */ = {isa = PBXBuildFile; fileRef = 719464ED2ED9398600F260DE /* ConversationStore.swift */; };
/* End PBXBuildFile section */

/* Begin PBXCopyFilesBuildPhase section */
		1A0000030000000000000001 /* Embed Frameworks */ = {
			isa = PBXCopyFilesBuildPhase;
			buildActionMask = 2147483647;
			dstPath = "";
			dstSubfolderSpec = 10;
			files = (
				1A0000010000000000000013 /* llama.xcframework in Embed Frameworks */,
			);
			name = "Embed Frameworks";
			runOnlyForDeploymentPostprocessing = 0;
		};
/* End PBXCopyFilesBuildPhase section */

/* Begin PBXFileReference section */
		1A0000020000000000000000 /* VibrantFrog.app */ = {isa = PBXFileReference; explicitFileType = wrapper.application; includeInIndex = 0; path = VibrantFrog.app; sourceTree = BUILT_PRODUCTS_DIR; };
		1A0000020000000000000001 /* VibrantFrogApp.swift */ = {isa = PBXFileReference; lastKnownFileType = sourcecode.swift; path = VibrantFrogApp.swift; sourceTree = "<group>"; };
		1A0000020000000000000002 /* ContentView.swift */ = {isa = PBXFileReference; lastKnownFileType = sourcecode.swift; path = ContentView.swift; sourceTree = "<group>"; };
		1A0000020000000000000003 /* Assets.xcassets */ = {isa = PBXFileReference; lastKnownFileType = folder.assetcatalog; path = Assets.xcassets; sourceTree = "<group>"; };
		1A0000020000000000000004 /* PhotoLibraryService.swift */ = {isa = PBXFileReference; lastKnownFileType = sourcecode.swift; path = PhotoLibraryService.swift; sourceTree = "<group>"; };
		1A0000020000000000000005 /* LLMService.swift */ = {isa = PBXFileReference; lastKnownFileType = sourcecode.swift; path = LLMService.swift; sourceTree = "<group>"; };
		1A0000020000000000000006 /* PhotoSearchView.swift */ = {isa = PBXFileReference; lastKnownFileType = sourcecode.swift; path = PhotoSearchView.swift; sourceTree = "<group>"; };
		1A0000020000000000000007 /* PhotoGridView.swift */ = {isa = PBXFileReference; lastKnownFileType = sourcecode.swift; path = PhotoGridView.swift; sourceTree = "<group>"; };
		1A0000020000000000000008 /* SettingsView.swift */ = {isa = PBXFileReference; lastKnownFileType = sourcecode.swift; path = SettingsView.swift; sourceTree = "<group>"; };
		1A0000020000000000000009 /* IndexingView.swift */ = {isa = PBXFileReference; lastKnownFileType = sourcecode.swift; path = IndexingView.swift; sourceTree = "<group>"; };
		1A0000020000000000000010 /* Photo.swift */ = {isa = PBXFileReference; lastKnownFileType = sourcecode.swift; path = Photo.swift; sourceTree = "<group>"; };
		1A0000020000000000000011 /* EmbeddingStore.swift */ = {isa = PBXFileReference; lastKnownFileType = sourcecode.swift; path = EmbeddingStore.swift; sourceTree = "<group>"; };
		1A0000020000000000000012 /* llama.xcframework */ = {isa = PBXFileReference; lastKnownFileType = wrapper.xcframework; path = llama.xcframework; sourceTree = SOURCE_ROOT; };
		1A0000020000000000000014 /* VibrantFrog.entitlements */ = {isa = PBXFileReference; lastKnownFileType = text.plist.entitlements; path = VibrantFrog.entitlements; sourceTree = "<group>"; };
		1A0000020000000000000015 /* Info.plist */ = {isa = PBXFileReference; lastKnownFileType = text.plist.xml; path = Info.plist; sourceTree = "<group>"; };
		1A0000020000000000000016 /* LibLlama.swift */ = {isa = PBXFileReference; lastKnownFileType = sourcecode.swift; path = LibLlama.swift; sourceTree = "<group>"; };
		1A0000020000000000000017 /* MCPClient.swift */ = {isa = PBXFileReference; lastKnownFileType = sourcecode.swift; path = MCPClient.swift; sourceTree = "<group>"; };
		1A0000020000000000000018 /* MCPTestView.swift */ = {isa = PBXFileReference; lastKnownFileType = sourcecode.swift; path = MCPTestView.swift; sourceTree = "<group>"; };
		1A0000020000000000000019 /* MCPClientHTTP.swift */ = {isa = PBXFileReference; lastKnownFileType = sourcecode.swift; path = MCPClientHTTP.swift; sourceTree = "<group>"; };
		719464D02ED69BDD00F260DE /* ChatView.swift */ = {isa = PBXFileReference; lastKnownFileType = sourcecode.swift; path = ChatView.swift; sourceTree = "<group>"; };
		719464D22ED79D0300F260DE /* AIChatView.swift */ = {isa = PBXFileReference; lastKnownFileType = sourcecode.swift; path = AIChatView.swift; sourceTree = "<group>"; };
		719464D92ED7A11C00F260DE /* MCPServerRegistry.swift */ = {isa = PBXFileReference; lastKnownFileType = sourcecode.swift; path = MCPServerRegistry.swift; sourceTree = "<group>"; };
		719464DA2ED7A11C00F260DE /* OllamaService.swift */ = {isa = PBXFileReference; lastKnownFileType = sourcecode.swift; path = OllamaService.swift; sourceTree = "<group>"; };
		719464E12ED92E0400F260DE /* Conversation.swift */ = {isa = PBXFileReference; lastKnownFileType = sourcecode.swift; path = Conversation.swift; sourceTree = "<group>"; };
		719464E52ED9395100F260DE /* ConversationHistoryView.swift */ = {isa = PBXFileReference; lastKnownFileType = sourcecode.swift; path = ConversationHistoryView.swift; sourceTree = "<group>"; };
		719464E72ED9396A00F260DE /* DirectToolCallView.swift */ = {isa = PBXFileReference; lastKnownFileType = sourcecode.swift; path = DirectToolCallView.swift; sourceTree = "<group>"; };
		719464E82ED9396A00F260DE /* DynamicToolFormView.swift */ = {isa = PBXFileReference; lastKnownFileType = sourcecode.swift; path = DynamicToolFormView.swift; sourceTree = "<group>"; };
		719464E92ED9396A00F260DE /* MCPManagementView.swift */ = {isa = PBXFileReference; lastKnownFileType = sourcecode.swift; path = MCPManagementView.swift; sourceTree = "<group>"; };
		719464ED2ED9398600F260DE /* ConversationStore.swift */ = {isa = PBXFileReference; lastKnownFileType = sourcecode.swift; path = ConversationStore.swift; sourceTree = "<group>"; };
/* End PBXFileReference section */

/* Begin PBXFrameworksBuildPhase section */
		1A0000040000000000000001 /* Frameworks */ = {
			isa = PBXFrameworksBuildPhase;
			buildActionMask = 2147483647;
			files = (
				1A0000010000000000000012 /* llama.xcframework in Frameworks */,
			);
			runOnlyForDeploymentPostprocessing = 0;
		};
/* End PBXFrameworksBuildPhase section */

/* Begin PBXGroup section */
		1A0000050000000000000001 = {
			isa = PBXGroup;
			children = (
				1A0000050000000000000002 /* VibrantFrog */,
				1A0000050000000000000006 /* Frameworks */,
				1A0000050000000000000003 /* Products */,
			);
			sourceTree = "<group>";
		};
		1A0000050000000000000002 /* VibrantFrog */ = {
			isa = PBXGroup;
			children = (
				1A0000020000000000000001 /* VibrantFrogApp.swift */,
				1A0000020000000000000002 /* ContentView.swift */,
				1A0000050000000000000004 /* Views */,
				1A0000050000000000000005 /* Services */,
				1A0000050000000000000007 /* Models */,
				1A0000020000000000000003 /* Assets.xcassets */,
				1A0000020000000000000014 /* VibrantFrog.entitlements */,
				1A0000020000000000000015 /* Info.plist */,
			);
			path = VibrantFrog;
			sourceTree = "<group>";
		};
		1A0000050000000000000003 /* Products */ = {
			isa = PBXGroup;
			children = (
				1A0000020000000000000000 /* VibrantFrog.app */,
			);
			name = Products;
			sourceTree = "<group>";
		};
		1A0000050000000000000004 /* Views */ = {
			isa = PBXGroup;
			children = (
				719464E72ED9396A00F260DE /* DirectToolCallView.swift */,
				719464E82ED9396A00F260DE /* DynamicToolFormView.swift */,
				719464E92ED9396A00F260DE /* MCPManagementView.swift */,
				719464E52ED9395100F260DE /* ConversationHistoryView.swift */,
				719464D22ED79D0300F260DE /* AIChatView.swift */,
				719464D02ED69BDD00F260DE /* ChatView.swift */,
				1A0000020000000000000018 /* MCPTestView.swift */,
				1A0000020000000000000006 /* PhotoSearchView.swift */,
				1A0000020000000000000007 /* PhotoGridView.swift */,
				1A0000020000000000000008 /* SettingsView.swift */,
				1A0000020000000000000009 /* IndexingView.swift */,
			);
			path = Views;
			sourceTree = "<group>";
		};
		1A0000050000000000000005 /* Services */ = {
			isa = PBXGroup;
			children = (
				719464ED2ED9398600F260DE /* ConversationStore.swift */,
				719464D92ED7A11C00F260DE /* MCPServerRegistry.swift */,
				719464DA2ED7A11C00F260DE /* OllamaService.swift */,
				1A0000020000000000000004 /* PhotoLibraryService.swift */,
				1A0000020000000000000005 /* LLMService.swift */,
				1A0000020000000000000011 /* EmbeddingStore.swift */,
				1A0000020000000000000016 /* LibLlama.swift */,
				1A0000020000000000000017 /* MCPClient.swift */,
				1A0000020000000000000019 /* MCPClientHTTP.swift */,
			);
			path = Services;
			sourceTree = "<group>";
		};
		1A0000050000000000000006 /* Frameworks */ = {
			isa = PBXGroup;
			children = (
				1A0000020000000000000012 /* llama.xcframework */,
			);
			name = Frameworks;
			sourceTree = "<group>";
		};
		1A0000050000000000000007 /* Models */ = {
			isa = PBXGroup;
			children = (
				719464E12ED92E0400F260DE /* Conversation.swift */,
				1A0000020000000000000010 /* Photo.swift */,
			);
			path = Models;
			sourceTree = "<group>";
		};
/* End PBXGroup section */

/* Begin PBXNativeTarget section */
		1A0000060000000000000001 /* VibrantFrog */ = {
			isa = PBXNativeTarget;
			buildConfigurationList = 1A0000080000000000000001 /* Build configuration list for PBXNativeTarget "VibrantFrog" */;
			buildPhases = (
				1A0000070000000000000001 /* Sources */,
				1A0000040000000000000001 /* Frameworks */,
				1A0000070000000000000002 /* Resources */,
				1A0000030000000000000001 /* Embed Frameworks */,
			);
			buildRules = (
			);
			dependencies = (
			);
			name = VibrantFrog;
			productName = VibrantFrog;
			productReference = 1A0000020000000000000000 /* VibrantFrog.app */;
			productType = "com.apple.product-type.application";
		};
/* End PBXNativeTarget section */

/* Begin PBXProject section */
		1A0000090000000000000001 /* Project object */ = {
			isa = PBXProject;
			attributes = {
				BuildIndependentTargetsInParallel = 1;
				LastSwiftUpdateCheck = 1500;
				LastUpgradeCheck = 1500;
				TargetAttributes = {
					1A0000060000000000000001 = {
						CreatedOnToolsVersion = 15.0;
					};
				};
			};
			buildConfigurationList = 1A0000080000000000000002 /* Build configuration list for PBXProject "VibrantFrog" */;
			compatibilityVersion = "Xcode 14.0";
			developmentRegion = en;
			hasScannedForEncodings = 0;
			knownRegions = (
				en,
				Base,
			);
			mainGroup = 1A0000050000000000000001;
			productRefGroup = 1A0000050000000000000003 /* Products */;
			projectDirPath = "";
			projectRoot = "";
			targets = (
				1A0000060000000000000001 /* VibrantFrog */,
			);
		};
/* End PBXProject section */

/* Begin PBXResourcesBuildPhase section */
		1A0000070000000000000002 /* Resources */ = {
			isa = PBXResourcesBuildPhase;
			buildActionMask = 2147483647;
			files = (
				1A0000010000000000000003 /* Assets.xcassets in Resources */,
			);
			runOnlyForDeploymentPostprocessing = 0;
		};
/* End PBXResourcesBuildPhase section */

/* Begin PBXSourcesBuildPhase section */
		1A0000070000000000000001 /* Sources */ = {
			isa = PBXSourcesBuildPhase;
			buildActionMask = 2147483647;
			files = (
				1A0000010000000000000001 /* VibrantFrogApp.swift in Sources */,
				719464D32ED79D0300F260DE /* AIChatView.swift in Sources */,
				1A0000010000000000000002 /* ContentView.swift in Sources */,
				1A0000010000000000000004 /* PhotoLibraryService.swift in Sources */,
				1A0000010000000000000005 /* LLMService.swift in Sources */,
				1A0000010000000000000006 /* PhotoSearchView.swift in Sources */,
				1A0000010000000000000007 /* PhotoGridView.swift in Sources */,
				719464EE2ED9398600F260DE /* ConversationStore.swift in Sources */,
				1A0000010000000000000008 /* SettingsView.swift in Sources */,
				719464DB2ED7A11C00F260DE /* OllamaService.swift in Sources */,
				719464DC2ED7A11C00F260DE /* MCPServerRegistry.swift in Sources */,
				719464EA2ED9396A00F260DE /* MCPManagementView.swift in Sources */,
				719464EB2ED9396A00F260DE /* DynamicToolFormView.swift in Sources */,
				719464EC2ED9396A00F260DE /* DirectToolCallView.swift in Sources */,
				719464D12ED69BDD00F260DE /* ChatView.swift in Sources */,
				719464E62ED9395100F260DE /* ConversationHistoryView.swift in Sources */,
				1A0000010000000000000009 /* IndexingView.swift in Sources */,
				1A0000010000000000000010 /* Photo.swift in Sources */,
				1A0000010000000000000011 /* EmbeddingStore.swift in Sources */,
				1A0000010000000000000016 /* LibLlama.swift in Sources */,
				1A0000010000000000000017 /* MCPClient.swift in Sources */,
				719464E22ED92E0400F260DE /* Conversation.swift in Sources */,
				1A0000010000000000000018 /* MCPTestView.swift in Sources */,
				1A0000010000000000000019 /* MCPClientHTTP.swift in Sources */,
			);
			runOnlyForDeploymentPostprocessing = 0;
		};
/* End PBXSourcesBuildPhase section */

/* Begin XCBuildConfiguration section */
		1A000010000000000000001D /* Debug */ = {
			isa = XCBuildConfiguration;
			buildSettings = {
				ALWAYS_SEARCH_USER_PATHS = NO;
				ASSETCATALOG_COMPILER_GENERATE_SWIFT_ASSET_SYMBOL_EXTENSIONS = YES;
				CLANG_ANALYZER_NONNULL = YES;
				CLANG_ANALYZER_NUMBER_OBJECT_CONVERSION = YES_AGGRESSIVE;
				CLANG_CXX_LANGUAGE_STANDARD = "gnu++20";
				CLANG_ENABLE_MODULES = YES;
				CLANG_ENABLE_OBJC_ARC = YES;
				CLANG_ENABLE_OBJC_WEAK = YES;
				CLANG_WARN_BLOCK_CAPTURE_AUTORELEASING = YES;
				CLANG_WARN_BOOL_CONVERSION = YES;
				CLANG_WARN_COMMA = YES;
				CLANG_WARN_CONSTANT_CONVERSION = YES;
				CLANG_WARN_DEPRECATED_OBJC_IMPLEMENTATIONS = YES;
				CLANG_WARN_DIRECT_OBJC_ISA_USAGE = YES_ERROR;
				CLANG_WARN_DOCUMENTATION_COMMENTS = YES;
				CLANG_WARN_EMPTY_BODY = YES;
				CLANG_WARN_ENUM_CONVERSION = YES;
				CLANG_WARN_INFINITE_RECURSION = YES;
				CLANG_WARN_INT_CONVERSION = YES;
				CLANG_WARN_NON_LITERAL_NULL_CONVERSION = YES;
				CLANG_WARN_OBJC_IMPLICIT_RETAIN_SELF = YES;
				CLANG_WARN_OBJC_LITERAL_CONVERSION = YES;
				CLANG_WARN_OBJC_ROOT_CLASS = YES_ERROR;
				CLANG_WARN_QUOTED_INCLUDE_IN_FRAMEWORK_HEADER = YES;
				CLANG_WARN_RANGE_LOOP_ANALYSIS = YES;
				CLANG_WARN_STRICT_PROTOTYPES = YES;
				CLANG_WARN_SUSPICIOUS_MOVE = YES;
				CLANG_WARN_UNGUARDED_AVAILABILITY = YES_AGGRESSIVE;
				CLANG_WARN_UNREACHABLE_CODE = YES;
				CLANG_WARN__DUPLICATE_METHOD_MATCH = YES;
				COPY_PHASE_STRIP = NO;
				DEBUG_INFORMATION_FORMAT = dwarf;
				ENABLE_STRICT_OBJC_MSGSEND = YES;
				ENABLE_TESTABILITY = YES;
				ENABLE_USER_SCRIPT_SANDBOXING = YES;
				GCC_C_LANGUAGE_STANDARD = gnu17;
				GCC_DYNAMIC_NO_PIC = NO;
				GCC_NO_COMMON_BLOCKS = YES;
				GCC_OPTIMIZATION_LEVEL = 0;
				GCC_PREPROCESSOR_DEFINITIONS = (
					"DEBUG=1",
					"$(inherited)",
				);
				GCC_WARN_64_TO_32_BIT_CONVERSION = YES;
				GCC_WARN_ABOUT_RETURN_TYPE = YES_ERROR;
				GCC_WARN_UNDECLARED_SELECTOR = YES;
				GCC_WARN_UNINITIALIZED_AUTOS = YES_AGGRESSIVE;
				GCC_WARN_UNUSED_FUNCTION = YES;
				GCC_WARN_UNUSED_VARIABLE = YES;
				LOCALIZATION_PREFERS_STRING_CATALOGS = YES;
				MACOSX_DEPLOYMENT_TARGET = 14.0;
				MTL_ENABLE_DEBUG_INFO = INCLUDE_SOURCE;
				MTL_FAST_MATH = YES;
				ONLY_ACTIVE_ARCH = YES;
				SDKROOT = macosx;
				SWIFT_ACTIVE_COMPILATION_CONDITIONS = "DEBUG $(inherited)";
				SWIFT_OPTIMIZATION_LEVEL = "-Onone";
			};
			name = Debug;
		};
		1A000010000000000000001E /* Release */ = {
			isa = XCBuildConfiguration;
			buildSettings = {
				ALWAYS_SEARCH_USER_PATHS = NO;
				ASSETCATALOG_COMPILER_GENERATE_SWIFT_ASSET_SYMBOL_EXTENSIONS = YES;
				CLANG_ANALYZER_NONNULL = YES;
				CLANG_ANALYZER_NUMBER_OBJECT_CONVERSION = YES_AGGRESSIVE;
				CLANG_CXX_LANGUAGE_STANDARD = "gnu++20";
				CLANG_ENABLE_MODULES = YES;
				CLANG_ENABLE_OBJC_ARC = YES;
				CLANG_ENABLE_OBJC_WEAK = YES;
				CLANG_WARN_BLOCK_CAPTURE_AUTORELEASING = YES;
				CLANG_WARN_BOOL_CONVERSION = YES;
				CLANG_WARN_COMMA = YES;
				CLANG_WARN_CONSTANT_CONVERSION = YES;
				CLANG_WARN_DEPRECATED_OBJC_IMPLEMENTATIONS = YES;
				CLANG_WARN_DIRECT_OBJC_ISA_USAGE = YES_ERROR;
				CLANG_WARN_DOCUMENTATION_COMMENTS = YES;
				CLANG_WARN_EMPTY_BODY = YES;
				CLANG_WARN_ENUM_CONVERSION = YES;
				CLANG_WARN_INFINITE_RECURSION = YES;
				CLANG_WARN_INT_CONVERSION = YES;
				CLANG_WARN_NON_LITERAL_NULL_CONVERSION = YES;
				CLANG_WARN_OBJC_IMPLICIT_RETAIN_SELF = YES;
				CLANG_WARN_OBJC_LITERAL_CONVERSION = YES;
				CLANG_WARN_OBJC_ROOT_CLASS = YES_ERROR;
				CLANG_WARN_QUOTED_INCLUDE_IN_FRAMEWORK_HEADER = YES;
				CLANG_WARN_RANGE_LOOP_ANALYSIS = YES;
				CLANG_WARN_STRICT_PROTOTYPES = YES;
				CLANG_WARN_SUSPICIOUS_MOVE = YES;
				CLANG_WARN_UNGUARDED_AVAILABILITY = YES_AGGRESSIVE;
				CLANG_WARN_UNREACHABLE_CODE = YES;
				CLANG_WARN__DUPLICATE_METHOD_MATCH = YES;
				COPY_PHASE_STRIP = NO;
				DEBUG_INFORMATION_FORMAT = "dwarf-with-dsym";
				ENABLE_NS_ASSERTIONS = NO;
				ENABLE_STRICT_OBJC_MSGSEND = YES;
				ENABLE_USER_SCRIPT_SANDBOXING = YES;
				GCC_C_LANGUAGE_STANDARD = gnu17;
				GCC_NO_COMMON_BLOCKS = YES;
				GCC_WARN_64_TO_32_BIT_CONVERSION = YES;
				GCC_WARN_ABOUT_RETURN_TYPE = YES_ERROR;
				GCC_WARN_UNDECLARED_SELECTOR = YES;
				GCC_WARN_UNINITIALIZED_AUTOS = YES_AGGRESSIVE;
				GCC_WARN_UNUSED_FUNCTION = YES;
				GCC_WARN_UNUSED_VARIABLE = YES;
				LOCALIZATION_PREFERS_STRING_CATALOGS = YES;
				MACOSX_DEPLOYMENT_TARGET = 14.0;
				MTL_ENABLE_DEBUG_INFO = NO;
				MTL_FAST_MATH = YES;
				SDKROOT = macosx;
				SWIFT_COMPILATION_MODE = wholemodule;
			};
			name = Release;
		};
		1A000010000000000000001F /* Debug */ = {
			isa = XCBuildConfiguration;
			buildSettings = {
				ASSETCATALOG_COMPILER_APPICON_NAME = AppIcon;
				ASSETCATALOG_COMPILER_GLOBAL_ACCENT_COLOR_NAME = AccentColor;
				CODE_SIGN_ENTITLEMENTS = VibrantFrog/VibrantFrog.entitlements;
				CODE_SIGN_STYLE = Automatic;
				COMBINE_HIDPI_IMAGES = YES;
				CURRENT_PROJECT_VERSION = 1;
				DEVELOPMENT_TEAM = D7P5JN33ZJ;
				ENABLE_APP_SANDBOX = NO;
				ENABLE_HARDENED_RUNTIME = YES;
				GENERATE_INFOPLIST_FILE = NO;
				INFOPLIST_FILE = VibrantFrog/Info.plist;
				INFOPLIST_KEY_CFBundleDisplayName = VibrantFrog;
				INFOPLIST_KEY_LSApplicationCategoryType = "public.app-category.photography";
				INFOPLIST_KEY_NSHumanReadableCopyright = "Copyright © 2025 Tony Piazza. All rights reserved.";
				LD_RUNPATH_SEARCH_PATHS = (
					"$(inherited)",
					"@executable_path/../Frameworks",
				);
				MARKETING_VERSION = 1.0;
				PRODUCT_BUNDLE_IDENTIFIER = com.vibrantfrog.app;
				PRODUCT_NAME = "$(TARGET_NAME)";
				SWIFT_EMIT_LOC_STRINGS = YES;
				SWIFT_VERSION = 5.0;
			};
			name = Debug;
		};
		1A0000100000000000000020 /* Release */ = {
			isa = XCBuildConfiguration;
			buildSettings = {
				ASSETCATALOG_COMPILER_APPICON_NAME = AppIcon;
				ASSETCATALOG_COMPILER_GLOBAL_ACCENT_COLOR_NAME = AccentColor;
				CODE_SIGN_ENTITLEMENTS = VibrantFrog/VibrantFrog.entitlements;
				CODE_SIGN_STYLE = Automatic;
				COMBINE_HIDPI_IMAGES = YES;
				CURRENT_PROJECT_VERSION = 1;
				DEVELOPMENT_TEAM = D7P5JN33ZJ;
				ENABLE_APP_SANDBOX = NO;
				ENABLE_HARDENED_RUNTIME = YES;
				GENERATE_INFOPLIST_FILE = NO;
				INFOPLIST_FILE = VibrantFrog/Info.plist;
				INFOPLIST_KEY_CFBundleDisplayName = VibrantFrog;
				INFOPLIST_KEY_LSApplicationCategoryType = "public.app-category.photography";
				INFOPLIST_KEY_NSHumanReadableCopyright = "Copyright © 2025 Tony Piazza. All rights reserved.";
				LD_RUNPATH_SEARCH_PATHS = (
					"$(inherited)",
					"@executable_path/../Frameworks",
				);
				MARKETING_VERSION = 1.0;
				PRODUCT_BUNDLE_IDENTIFIER = com.vibrantfrog.app;
				PRODUCT_NAME = "$(TARGET_NAME)";
				SWIFT_EMIT_LOC_STRINGS = YES;
				SWIFT_VERSION = 5.0;
			};
			name = Release;
		};
/* End XCBuildConfiguration section */

/* Begin XCConfigurationList section */
		1A0000080000000000000001 /* Build configuration list for PBXNativeTarget "VibrantFrog" */ = {
			isa = XCConfigurationList;
			buildConfigurations = (
				1A000010000000000000001F /* Debug */,
				1A0000100000000000000020 /* Release */,
			);
			defaultConfigurationIsVisible = 0;
			defaultConfigurationName = Release;
		};
		1A0000080000000000000002 /* Build configuration list for PBXProject "VibrantFrog" */ = {
			isa = XCConfigurationList;
			buildConfigurations = (
				1A000010000000000000001D /* Debug */,
				1A000010000000000000001E /* Release */,
			);
			defaultConfigurationIsVisible = 0;
			defaultConfigurationName = Release;
		};
/* End XCConfigurationList section */
	};
	rootObject = 1A0000090000000000000001 /* Project object */;
}
